
Microsoft Visual Studio Solution File, Format Version 12.00
# Visual Studio Version 16
VisualStudioVersion = 16.0.32630.194
MinimumVisualStudioVersion = 10.0.40219.1
Project("{FAE04EC0-301F-11D3-BF4B-00C04F79EFBC}") = "Jauto", "Jauto.csproj", "{DFDB9D12-4D4B-4E6B-B5E6-DA218C9DC8F2}"
EndProject
Global
	GlobalSection(SolutionConfigurationPlatforms) = preSolution
		Debug|Any CPU = Debug|Any CPU
		Release|Any CPU = Release|Any CPU
	EndGlobalSection
	GlobalSection(ProjectConfigurationPlatforms) = postSolution
		{DFDB9D12-4D4B-4E6B-B5E6-DA218C9DC8F2}.Debug|Any CPU.ActiveCfg = Debug|Any CPU
		{DFDB9D12-4D4B-4E6B-B5E6-DA218C9DC8F2}.Debug|Any CPU.Build.0 = Debug|Any CPU
		{DFDB9D12-4D4B-4E6B-B5E6-DA218C9DC8F2}.Release|Any CPU.ActiveCfg = Release|Any CPU
		{DFDB9D12-4D4B-4E6B-B5E6-DA218C9DC8F2}.Release|Any CPU.Build.0 = Release|Any CPU
	EndGlobalSection
	GlobalSection(SolutionProperties) = preSolution
		HideSolutionNode = FALSE
	EndGlobalSection
	GlobalSection(ExtensibilityGlobals) = postSolution
		SolutionGuid = {6578B137-27A6-4CBD-B479-BDADA3B5D806}
	EndGlobalSection
EndGlobal
